
Microsoft Visual Studio Solution File, Format Version 12.00
# Visual Studio 2013
VisualStudioVersion = 12.0.30501.0
MinimumVisualStudioVersion = 10.0.40219.1
Project("{FAE04EC0-301F-11D3-BF4B-00C04F79EFBC}") = "Desktop", "Desktop\Desktop.csproj", "{5C2817C4-DCA3-4ABD-9116-633C8809DDA1}"
EndProject
Project("{FAE04EC0-301F-11D3-BF4B-00C04F79EFBC}") = "FormBase", "FormBase\FormBase.csproj", "{DBA8D995-D157-4B48-B874-800318921650}"
EndProject
Project("{FAE04EC0-301F-11D3-BF4B-00C04F79EFBC}") = "GDB.SQLServerExpress", "GDB.SQLServerExpress\GDB.SQLServerExpress.csproj", "{81B45682-F490-4BA0-A2FF-6CF918CA04E4}"
	ProjectSection(ProjectDependencies) = postProject
		{DBA8D995-D157-4B48-B874-800318921650} = {DBA8D995-D157-4B48-B874-800318921650}
	EndProjectSection
EndProject
Project("{FAE04EC0-301F-11D3-BF4B-00C04F79EFBC}") = "GXFormMainFrame", "GXFormMainFrame\GXFormMainFrame.csproj", "{E4E71E8A-CC89-4313-B32B-3A9A5D9D7E9D}"
	ProjectSection(ProjectDependencies) = postProject
		{F5220C15-F162-404F-80BD-48F2C0FDF03B} = {F5220C15-F162-404F-80BD-48F2C0FDF03B}
	EndProjectSection
EndProject
Project("{FAE04EC0-301F-11D3-BF4B-00C04F79EFBC}") = "TaskManage", "TaskManage\TaskManage.csproj", "{8D14273A-4EFF-4D09-AB21-BFA0CB9B00E1}"
EndProject
Project("{FAE04EC0-301F-11D3-BF4B-00C04F79EFBC}") = "FunFactory", "FunFactory\FunFactory.csproj", "{9F3A6A83-197D-495E-B226-818D8D03703B}"
EndProject
Project("{FAE04EC0-301F-11D3-BF4B-00C04F79EFBC}") = "Report", "Report\Report.csproj", "{4E3EB8FF-3263-43A5-8305-8C9CC8A11934}"
	ProjectSection(ProjectDependencies) = postProject
		{DBA8D995-D157-4B48-B874-800318921650} = {DBA8D995-D157-4B48-B874-800318921650}
	EndProjectSection
EndProject
Project("{FAE04EC0-301F-11D3-BF4B-00C04F79EFBC}") = "AttributesEdit", "AttributesEdit\AttributesEdit.csproj", "{0E4D2CB2-B00A-4AE5-B6CB-7BB57CA46ADB}"
	ProjectSection(ProjectDependencies) = postProject
		{8D14273A-4EFF-4D09-AB21-BFA0CB9B00E1} = {8D14273A-4EFF-4D09-AB21-BFA0CB9B00E1}
		{9A841DAE-8960-405C-A8C2-BCE30C40616A} = {9A841DAE-8960-405C-A8C2-BCE30C40616A}
	EndProjectSection
EndProject
Project("{FAE04EC0-301F-11D3-BF4B-00C04F79EFBC}") = "ShapeEdit", "ShapeEdit\ShapeEdit.csproj", "{9A841DAE-8960-405C-A8C2-BCE30C40616A}"
EndProject
Project("{FAE04EC0-301F-11D3-BF4B-00C04F79EFBC}") = "LDZY_ZTZZ", "LDZY_ZTZZ\LDZY_ZTZZ.csproj", "{89A47CDE-5E43-4239-89D2-4A7697DF0F6B}"
EndProject
Project("{FAE04EC0-301F-11D3-BF4B-00C04F79EFBC}") = "Cf_Calc", "Cf_Calc\Cf_Calc.csproj", "{DA7C6754-C370-45D3-8B6C-D263AE382087}"
EndProject
Project("{FAE04EC0-301F-11D3-BF4B-00C04F79EFBC}") = "DataEdit", "DataEdit\DataEdit.csproj", "{9E6A9A4C-80D1-4A84-8A15-53743F9D8FA6}"
	ProjectSection(ProjectDependencies) = postProject
		{9A841DAE-8960-405C-A8C2-BCE30C40616A} = {9A841DAE-8960-405C-A8C2-BCE30C40616A}
	EndProjectSection
EndProject
Project("{FAE04EC0-301F-11D3-BF4B-00C04F79EFBC}") = "OperateLog", "OperateLog\OperateLog.csproj", "{F1653FE5-DFE3-4A01-9E81-06F9DBB675B6}"
EndProject
Project("{FAE04EC0-301F-11D3-BF4B-00C04F79EFBC}") = "QueryCommon", "QueryCommon\QueryCommon.csproj", "{2BE85C11-3D53-4DAA-BEF5-E7968C9E47C0}"
EndProject
Project("{FAE04EC0-301F-11D3-BF4B-00C04F79EFBC}") = "SZMODEL_GXYSSZXJ", "SZMODEL_GXYSSZXJ\SZMODEL_GXYSSZXJ.csproj", "{8EB20CC0-39AD-4ACC-B294-468464F8EF41}"
EndProject
Project("{FAE04EC0-301F-11D3-BF4B-00C04F79EFBC}") = "GX_DB_INFO", "GX_DB_INFO\GX_DB_INFO.csproj", "{BB6119EE-C87C-4A00-BB6E-EED533BADE06}"
EndProject
Project("{FAE04EC0-301F-11D3-BF4B-00C04F79EFBC}") = "Cartography", "Cartography\Cartography.csproj", "{46FE0B58-76DB-4290-B138-470D9D5C2F8F}"
EndProject
Project("{FAE04EC0-301F-11D3-BF4B-00C04F79EFBC}") = "ForestEarth", "ForestEarth\ForestEarth.csproj", "{DBCDA8EF-967A-4078-A959-B3DF5A8B476E}"
	ProjectSection(ProjectDependencies) = postProject
		{CE178222-147C-4EED-8331-28AB2B0FD042} = {CE178222-147C-4EED-8331-28AB2B0FD042}
	EndProjectSection
EndProject
Project("{FAE04EC0-301F-11D3-BF4B-00C04F79EFBC}") = "EarthBusiness", "EarthBusiness\EarthBusiness.csproj", "{CE178222-147C-4EED-8331-28AB2B0FD042}"
EndProject
Project("{FAE04EC0-301F-11D3-BF4B-00C04F79EFBC}") = "GeoDataIE", "GeoDataIE\GeoDataIE.csproj", "{632D74FE-BE23-4F2B-8877-C58EB3568ABC}"
EndProject
Project("{FAE04EC0-301F-11D3-BF4B-00C04F79EFBC}") = "TJ_DLL", "TJ_DLL\TJ_DLL.csproj", "{C723DBA7-625B-4646-935B-7A6814C65B30}"
EndProject
Project("{FAE04EC0-301F-11D3-BF4B-00C04F79EFBC}") = "TopologyCheck", "TopologyCheck\TopologyCheck.csproj", "{BB9E7027-C84C-4EBC-895F-43AA40CA0D69}"
EndProject
Project("{FAE04EC0-301F-11D3-BF4B-00C04F79EFBC}") = "GISControlsClass", "GISControlsClass\GISControlsClass.csproj", "{8B290827-B7D0-4F5E-ACAA-11804A0B2536}"
EndProject
Project("{FAE04EC0-301F-11D3-BF4B-00C04F79EFBC}") = "ProxyButton.MapBaseTools", "ProxyButton.MapBaseTools\ProxyButton.MapBaseTools.csproj", "{C1ACE5B6-F337-424D-ACBC-BEA7ABF7B75A}"
EndProject
Project("{FAE04EC0-301F-11D3-BF4B-00C04F79EFBC}") = "gylandzzytj", "gylandzzytj\gylandzzytj.csproj", "{ACF46980-F9AD-4ED0-9F21-6AEB882544BA}"
EndProject
Project("{FAE04EC0-301F-11D3-BF4B-00C04F79EFBC}") = "LDZY_GYLTJ", "LDZY_GYLTJ\LDZY_GYLTJ.csproj", "{49D832CC-3E37-4EC1-904E-707D933BFD8C}"
EndProject
Project("{FAE04EC0-301F-11D3-BF4B-00C04F79EFBC}") = "LDZY_ZTZL", "LDZY_ZTZL\LDZY_ZTZL.csproj", "{784CB83D-5E0A-4637-B76E-3A9F7E391B3B}"
EndProject
Project("{FAE04EC0-301F-11D3-BF4B-00C04F79EFBC}") = "MainFrameBase", "MainFrameBase\MainFrameBase.csproj", "{F5220C15-F162-404F-80BD-48F2C0FDF03B}"
EndProject
Project("{FAE04EC0-301F-11D3-BF4B-00C04F79EFBC}") = "Measure", "Measure\Measure.csproj", "{926D1857-89C3-4B20-9ADB-FBEE9760FFA7}"
EndProject
Project("{FAE04EC0-301F-11D3-BF4B-00C04F79EFBC}") = "Print", "Print\Print.csproj", "{13A4A60F-14CA-4B4B-BF0E-3BF15F31A9AA}"
EndProject
Project("{FAE04EC0-301F-11D3-BF4B-00C04F79EFBC}") = "ProxyButton.PageBaseTools", "ProxyButton.PageBaseTools\ProxyButton.PageBaseTools.csproj", "{2FCE2F2A-9ED0-4FC8-8D9D-BD496DD0DE8D}"
EndProject
Project("{FAE04EC0-301F-11D3-BF4B-00C04F79EFBC}") = "StatisChart", "StatisChart\StatisChart.csproj", "{EBECB9F4-27C0-4EA2-9818-548489719F92}"
EndProject
Project("{FAE04EC0-301F-11D3-BF4B-00C04F79EFBC}") = "QueryAnalysic", "QueryAnalysic\QueryAnalysic.csproj", "{8625E134-162A-43C3-BD2A-30F5F1769274}"
EndProject
Project("{FAE04EC0-301F-11D3-BF4B-00C04F79EFBC}") = "VgsTiledMap.Ags", "VgsTiledMap.Ags\VgsTiledMap.Ags.csproj", "{12E17782-81C4-4ADE-96FB-A7DC4CC772A7}"
EndProject
Project("{FAE04EC0-301F-11D3-BF4B-00C04F79EFBC}") = "Document", "Document\Document.csproj", "{716999C3-B377-49DD-80D3-336C0F78A5CA}"
EndProject
Project("{FAE04EC0-301F-11D3-BF4B-00C04F79EFBC}") = "GXFormStart", "GXFormStart\GXFormStart.csproj", "{D7EBA1E3-11E3-4FDC-997F-E132042FC672}"
EndProject
Project("{FAE04EC0-301F-11D3-BF4B-00C04F79EFBC}") = "ForestUtility", "ForestUtilites\ForestUtility.csproj", "{D13B91B8-2568-4C4E-AD7F-D9B6984C8657}"
EndProject
Project("{FAE04EC0-301F-11D3-BF4B-00C04F79EFBC}") = "LDZY_ZTCF", "LDZY_ZTCF\LDZY_ZTCF.csproj", "{8899AC62-107B-4C8B-98AD-4F349ADB6126}"
EndProject
Project("{FAE04EC0-301F-11D3-BF4B-00C04F79EFBC}") = "ForestManagerDBMid", "ForestManagerDBMid\ForestManagerDBMid.csproj", "{6EEBCD8B-F540-4302-99A4-F65D83576B70}"
EndProject
Project("{FAE04EC0-301F-11D3-BF4B-00C04F79EFBC}") = "ForestManagerDBService", "ForestManagerDBService\ForestManagerDBService.csproj", "{DDABCC30-8753-4E0C-8027-F570E8CA439F}"
EndProject
Project("{FAE04EC0-301F-11D3-BF4B-00C04F79EFBC}") = "ForestManagerLogic", "ForestManagerLogic\ForestManagerLogic.csproj", "{8EC05A55-5936-430F-B856-3F5379157D68}"
EndProject
Project("{FAE04EC0-301F-11D3-BF4B-00C04F79EFBC}") = "ConSQLServerInfo", "ConSQLServerInfo\ConSQLServerInfo.csproj", "{2644C41B-EB7D-4859-BCFA-734C85614EE7}"
EndProject
Global
	GlobalSection(SolutionConfigurationPlatforms) = preSolution
		Debug|Any CPU = Debug|Any CPU
		Debug|Mixed Platforms = Debug|Mixed Platforms
		Debug|x64 = Debug|x64
		Debug|x86 = Debug|x86
		Release|Any CPU = Release|Any CPU
		Release|Mixed Platforms = Release|Mixed Platforms
		Release|x64 = Release|x64
		Release|x86 = Release|x86
	EndGlobalSection
	GlobalSection(ProjectConfigurationPlatforms) = postSolution
		{5C2817C4-DCA3-4ABD-9116-633C8809DDA1}.Debug|Any CPU.ActiveCfg = Debug|x86
		{5C2817C4-DCA3-4ABD-9116-633C8809DDA1}.Debug|Any CPU.Build.0 = Debug|x86
		{5C2817C4-DCA3-4ABD-9116-633C8809DDA1}.Debug|Mixed Platforms.ActiveCfg = Debug|x86
		{5C2817C4-DCA3-4ABD-9116-633C8809DDA1}.Debug|Mixed Platforms.Build.0 = Debug|x86
		{5C2817C4-DCA3-4ABD-9116-633C8809DDA1}.Debug|x64.ActiveCfg = Debug|x86
		{5C2817C4-DCA3-4ABD-9116-633C8809DDA1}.Debug|x86.ActiveCfg = Debug|x86
		{5C2817C4-DCA3-4ABD-9116-633C8809DDA1}.Debug|x86.Build.0 = Debug|x86
		{5C2817C4-DCA3-4ABD-9116-633C8809DDA1}.Release|Any CPU.ActiveCfg = Release|x86
		{5C2817C4-DCA3-4ABD-9116-633C8809DDA1}.Release|Mixed Platforms.ActiveCfg = Release|x86
		{5C2817C4-DCA3-4ABD-9116-633C8809DDA1}.Release|Mixed Platforms.Build.0 = Release|x86
		{5C2817C4-DCA3-4ABD-9116-633C8809DDA1}.Release|x64.ActiveCfg = Release|x86
		{5C2817C4-DCA3-4ABD-9116-633C8809DDA1}.Release|x86.ActiveCfg = Release|x86
		{5C2817C4-DCA3-4ABD-9116-633C8809DDA1}.Release|x86.Build.0 = Release|x86
		{DBA8D995-D157-4B48-B874-800318921650}.Debug|Any CPU.ActiveCfg = Debug|Any CPU
		{DBA8D995-D157-4B48-B874-800318921650}.Debug|Any CPU.Build.0 = Debug|Any CPU
		{DBA8D995-D157-4B48-B874-800318921650}.Debug|Mixed Platforms.ActiveCfg = Debug|x86
		{DBA8D995-D157-4B48-B874-800318921650}.Debug|Mixed Platforms.Build.0 = Debug|x86
		{DBA8D995-D157-4B48-B874-800318921650}.Debug|x64.ActiveCfg = Debug|x86
		{DBA8D995-D157-4B48-B874-800318921650}.Debug|x86.ActiveCfg = Debug|x86
		{DBA8D995-D157-4B48-B874-800318921650}.Debug|x86.Build.0 = Debug|x86
		{DBA8D995-D157-4B48-B874-800318921650}.Release|Any CPU.ActiveCfg = Release|x86
		{DBA8D995-D157-4B48-B874-800318921650}.Release|Mixed Platforms.ActiveCfg = Release|x86
		{DBA8D995-D157-4B48-B874-800318921650}.Release|Mixed Platforms.Build.0 = Release|x86
		{DBA8D995-D157-4B48-B874-800318921650}.Release|x64.ActiveCfg = Release|x86
		{DBA8D995-D157-4B48-B874-800318921650}.Release|x86.ActiveCfg = Release|x86
		{DBA8D995-D157-4B48-B874-800318921650}.Release|x86.Build.0 = Release|x86
		{81B45682-F490-4BA0-A2FF-6CF918CA04E4}.Debug|Any CPU.ActiveCfg = Debug|Any CPU
		{81B45682-F490-4BA0-A2FF-6CF918CA04E4}.Debug|Any CPU.Build.0 = Debug|Any CPU
		{81B45682-F490-4BA0-A2FF-6CF918CA04E4}.Debug|Mixed Platforms.ActiveCfg = Debug|x86
		{81B45682-F490-4BA0-A2FF-6CF918CA04E4}.Debug|Mixed Platforms.Build.0 = Debug|x86
		{81B45682-F490-4BA0-A2FF-6CF918CA04E4}.Debug|x64.ActiveCfg = Debug|x86
		{81B45682-F490-4BA0-A2FF-6CF918CA04E4}.Debug|x86.ActiveCfg = Debug|x86
		{81B45682-F490-4BA0-A2FF-6CF918CA04E4}.Debug|x86.Build.0 = Debug|x86
		{81B45682-F490-4BA0-A2FF-6CF918CA04E4}.Release|Any CPU.ActiveCfg = Release|x86
		{81B45682-F490-4BA0-A2FF-6CF918CA04E4}.Release|Mixed Platforms.ActiveCfg = Release|x86
		{81B45682-F490-4BA0-A2FF-6CF918CA04E4}.Release|Mixed Platforms.Build.0 = Release|x86
		{81B45682-F490-4BA0-A2FF-6CF918CA04E4}.Release|x64.ActiveCfg = Release|x86
		{81B45682-F490-4BA0-A2FF-6CF918CA04E4}.Release|x86.ActiveCfg = Release|x86
		{81B45682-F490-4BA0-A2FF-6CF918CA04E4}.Release|x86.Build.0 = Release|x86
		{E4E71E8A-CC89-4313-B32B-3A9A5D9D7E9D}.Debug|Any CPU.ActiveCfg = Debug|Any CPU
		{E4E71E8A-CC89-4313-B32B-3A9A5D9D7E9D}.Debug|Any CPU.Build.0 = Debug|Any CPU
		{E4E71E8A-CC89-4313-B32B-3A9A5D9D7E9D}.Debug|Mixed Platforms.ActiveCfg = Debug|x86
		{E4E71E8A-CC89-4313-B32B-3A9A5D9D7E9D}.Debug|Mixed Platforms.Build.0 = Debug|x86
		{E4E71E8A-CC89-4313-B32B-3A9A5D9D7E9D}.Debug|x64.ActiveCfg = Debug|x86
		{E4E71E8A-CC89-4313-B32B-3A9A5D9D7E9D}.Debug|x86.ActiveCfg = Debug|x86
		{E4E71E8A-CC89-4313-B32B-3A9A5D9D7E9D}.Debug|x86.Build.0 = Debug|x86
		{E4E71E8A-CC89-4313-B32B-3A9A5D9D7E9D}.Release|Any CPU.ActiveCfg = Release|x86
		{E4E71E8A-CC89-4313-B32B-3A9A5D9D7E9D}.Release|Mixed Platforms.ActiveCfg = Release|x86
		{E4E71E8A-CC89-4313-B32B-3A9A5D9D7E9D}.Release|Mixed Platforms.Build.0 = Release|x86
		{E4E71E8A-CC89-4313-B32B-3A9A5D9D7E9D}.Release|x64.ActiveCfg = Release|x86
		{E4E71E8A-CC89-4313-B32B-3A9A5D9D7E9D}.Release|x86.ActiveCfg = Release|x86
		{E4E71E8A-CC89-4313-B32B-3A9A5D9D7E9D}.Release|x86.Build.0 = Release|x86
		{8D14273A-4EFF-4D09-AB21-BFA0CB9B00E1}.Debug|Any CPU.ActiveCfg = Debug|Any CPU
		{8D14273A-4EFF-4D09-AB21-BFA0CB9B00E1}.Debug|Any CPU.Build.0 = Debug|Any CPU
		{8D14273A-4EFF-4D09-AB21-BFA0CB9B00E1}.Debug|Mixed Platforms.ActiveCfg = Debug|x86
		{8D14273A-4EFF-4D09-AB21-BFA0CB9B00E1}.Debug|Mixed Platforms.Build.0 = Debug|x86
		{8D14273A-4EFF-4D09-AB21-BFA0CB9B00E1}.Debug|x64.ActiveCfg = Debug|x86
		{8D14273A-4EFF-4D09-AB21-BFA0CB9B00E1}.Debug|x86.ActiveCfg = Debug|x86
		{8D14273A-4EFF-4D09-AB21-BFA0CB9B00E1}.Debug|x86.Build.0 = Debug|x86
		{8D14273A-4EFF-4D09-AB21-BFA0CB9B00E1}.Release|Any CPU.ActiveCfg = Release|x86
		{8D14273A-4EFF-4D09-AB21-BFA0CB9B00E1}.Release|Mixed Platforms.ActiveCfg = Release|x86
		{8D14273A-4EFF-4D09-AB21-BFA0CB9B00E1}.Release|Mixed Platforms.Build.0 = Release|x86
		{8D14273A-4EFF-4D09-AB21-BFA0CB9B00E1}.Release|x64.ActiveCfg = Release|x86
		{8D14273A-4EFF-4D09-AB21-BFA0CB9B00E1}.Release|x86.ActiveCfg = Release|x86
		{8D14273A-4EFF-4D09-AB21-BFA0CB9B00E1}.Release|x86.Build.0 = Release|x86
		{9F3A6A83-197D-495E-B226-818D8D03703B}.Debug|Any CPU.ActiveCfg = Debug|Any CPU
		{9F3A6A83-197D-495E-B226-818D8D03703B}.Debug|Any CPU.Build.0 = Debug|Any CPU
		{9F3A6A83-197D-495E-B226-818D8D03703B}.Debug|Mixed Platforms.ActiveCfg = Debug|x86
		{9F3A6A83-197D-495E-B226-818D8D03703B}.Debug|Mixed Platforms.Build.0 = Debug|x86
		{9F3A6A83-197D-495E-B226-818D8D03703B}.Debug|x64.ActiveCfg = Debug|x86
		{9F3A6A83-197D-495E-B226-818D8D03703B}.Debug|x86.ActiveCfg = Debug|x86
		{9F3A6A83-197D-495E-B226-818D8D03703B}.Debug|x86.Build.0 = Debug|x86
		{9F3A6A83-197D-495E-B226-818D8D03703B}.Release|Any CPU.ActiveCfg = Release|x86
		{9F3A6A83-197D-495E-B226-818D8D03703B}.Release|Mixed Platforms.ActiveCfg = Release|x86
		{9F3A6A83-197D-495E-B226-818D8D03703B}.Release|Mixed Platforms.Build.0 = Release|x86
		{9F3A6A83-197D-495E-B226-818D8D03703B}.Release|x64.ActiveCfg = Release|x86
		{9F3A6A83-197D-495E-B226-818D8D03703B}.Release|x86.ActiveCfg = Release|x86
		{9F3A6A83-197D-495E-B226-818D8D03703B}.Release|x86.Build.0 = Release|x86
		{4E3EB8FF-3263-43A5-8305-8C9CC8A11934}.Debug|Any CPU.ActiveCfg = Debug|Any CPU
		{4E3EB8FF-3263-43A5-8305-8C9CC8A11934}.Debug|Any CPU.Build.0 = Debug|Any CPU
		{4E3EB8FF-3263-43A5-8305-8C9CC8A11934}.Debug|Mixed Platforms.ActiveCfg = Debug|x86
		{4E3EB8FF-3263-43A5-8305-8C9CC8A11934}.Debug|Mixed Platforms.Build.0 = Debug|x86
		{4E3EB8FF-3263-43A5-8305-8C9CC8A11934}.Debug|x64.ActiveCfg = Debug|x86
		{4E3EB8FF-3263-43A5-8305-8C9CC8A11934}.Debug|x86.ActiveCfg = Debug|x86
		{4E3EB8FF-3263-43A5-8305-8C9CC8A11934}.Debug|x86.Build.0 = Debug|x86
		{4E3EB8FF-3263-43A5-8305-8C9CC8A11934}.Release|Any CPU.ActiveCfg = Release|x86
		{4E3EB8FF-3263-43A5-8305-8C9CC8A11934}.Release|Mixed Platforms.ActiveCfg = Release|x86
		{4E3EB8FF-3263-43A5-8305-8C9CC8A11934}.Release|Mixed Platforms.Build.0 = Release|x86
		{4E3EB8FF-3263-43A5-8305-8C9CC8A11934}.Release|x64.ActiveCfg = Release|x86
		{4E3EB8FF-3263-43A5-8305-8C9CC8A11934}.Release|x86.ActiveCfg = Release|x86
		{4E3EB8FF-3263-43A5-8305-8C9CC8A11934}.Release|x86.Build.0 = Release|x86
		{0E4D2CB2-B00A-4AE5-B6CB-7BB57CA46ADB}.Debug|Any CPU.ActiveCfg = Debug|Any CPU
		{0E4D2CB2-B00A-4AE5-B6CB-7BB57CA46ADB}.Debug|Any CPU.Build.0 = Debug|Any CPU
		{0E4D2CB2-B00A-4AE5-B6CB-7BB57CA46ADB}.Debug|Mixed Platforms.ActiveCfg = Debug|x86
		{0E4D2CB2-B00A-4AE5-B6CB-7BB57CA46ADB}.Debug|Mixed Platforms.Build.0 = Debug|x86
		{0E4D2CB2-B00A-4AE5-B6CB-7BB57CA46ADB}.Debug|x64.ActiveCfg = Debug|x86
		{0E4D2CB2-B00A-4AE5-B6CB-7BB57CA46ADB}.Debug|x86.ActiveCfg = Debug|x86
		{0E4D2CB2-B00A-4AE5-B6CB-7BB57CA46ADB}.Debug|x86.Build.0 = Debug|x86
		{0E4D2CB2-B00A-4AE5-B6CB-7BB57CA46ADB}.Release|Any CPU.ActiveCfg = Release|x86
		{0E4D2CB2-B00A-4AE5-B6CB-7BB57CA46ADB}.Release|Mixed Platforms.ActiveCfg = Release|x86
		{0E4D2CB2-B00A-4AE5-B6CB-7BB57CA46ADB}.Release|Mixed Platforms.Build.0 = Release|x86
		{0E4D2CB2-B00A-4AE5-B6CB-7BB57CA46ADB}.Release|x64.ActiveCfg = Release|x86
		{0E4D2CB2-B00A-4AE5-B6CB-7BB57CA46ADB}.Release|x86.ActiveCfg = Release|x86
		{0E4D2CB2-B00A-4AE5-B6CB-7BB57CA46ADB}.Release|x86.Build.0 = Release|x86
		{9A841DAE-8960-405C-A8C2-BCE30C40616A}.Debug|Any CPU.ActiveCfg = Debug|Any CPU
		{9A841DAE-8960-405C-A8C2-BCE30C40616A}.Debug|Any CPU.Build.0 = Debug|Any CPU
		{9A841DAE-8960-405C-A8C2-BCE30C40616A}.Debug|Mixed Platforms.ActiveCfg = Debug|x86
		{9A841DAE-8960-405C-A8C2-BCE30C40616A}.Debug|Mixed Platforms.Build.0 = Debug|x86
		{9A841DAE-8960-405C-A8C2-BCE30C40616A}.Debug|x64.ActiveCfg = Debug|x86
		{9A841DAE-8960-405C-A8C2-BCE30C40616A}.Debug|x86.ActiveCfg = Debug|x86
		{9A841DAE-8960-405C-A8C2-BCE30C40616A}.Debug|x86.Build.0 = Debug|x86
		{9A841DAE-8960-405C-A8C2-BCE30C40616A}.Release|Any CPU.ActiveCfg = Release|x86
		{9A841DAE-8960-405C-A8C2-BCE30C40616A}.Release|Mixed Platforms.ActiveCfg = Release|x86
		{9A841DAE-8960-405C-A8C2-BCE30C40616A}.Release|Mixed Platforms.Build.0 = Release|x86
		{9A841DAE-8960-405C-A8C2-BCE30C40616A}.Release|x64.ActiveCfg = Release|x86
		{9A841DAE-8960-405C-A8C2-BCE30C40616A}.Release|x86.ActiveCfg = Release|x86
		{9A841DAE-8960-405C-A8C2-BCE30C40616A}.Release|x86.Build.0 = Release|x86
		{89A47CDE-5E43-4239-89D2-4A7697DF0F6B}.Debug|Any CPU.ActiveCfg = Debug|Any CPU
		{89A47CDE-5E43-4239-89D2-4A7697DF0F6B}.Debug|Any CPU.Build.0 = Debug|Any CPU
		{89A47CDE-5E43-4239-89D2-4A7697DF0F6B}.Debug|Mixed Platforms.ActiveCfg = Debug|x86
		{89A47CDE-5E43-4239-89D2-4A7697DF0F6B}.Debug|Mixed Platforms.Build.0 = Debug|x86
		{89A47CDE-5E43-4239-89D2-4A7697DF0F6B}.Debug|x64.ActiveCfg = Debug|x86
		{89A47CDE-5E43-4239-89D2-4A7697DF0F6B}.Debug|x86.ActiveCfg = Debug|x86
		{89A47CDE-5E43-4239-89D2-4A7697DF0F6B}.Debug|x86.Build.0 = Debug|x86
		{89A47CDE-5E43-4239-89D2-4A7697DF0F6B}.Release|Any CPU.ActiveCfg = Release|x86
		{89A47CDE-5E43-4239-89D2-4A7697DF0F6B}.Release|Mixed Platforms.ActiveCfg = Release|x86
		{89A47CDE-5E43-4239-89D2-4A7697DF0F6B}.Release|Mixed Platforms.Build.0 = Release|x86
		{89A47CDE-5E43-4239-89D2-4A7697DF0F6B}.Release|x64.ActiveCfg = Release|x86
		{89A47CDE-5E43-4239-89D2-4A7697DF0F6B}.Release|x86.ActiveCfg = Release|x86
		{89A47CDE-5E43-4239-89D2-4A7697DF0F6B}.Release|x86.Build.0 = Release|x86
		{DA7C6754-C370-45D3-8B6C-D263AE382087}.Debug|Any CPU.ActiveCfg = Debug|Any CPU
		{DA7C6754-C370-45D3-8B6C-D263AE382087}.Debug|Any CPU.Build.0 = Debug|Any CPU
		{DA7C6754-C370-45D3-8B6C-D263AE382087}.Debug|Mixed Platforms.ActiveCfg = Debug|x86
		{DA7C6754-C370-45D3-8B6C-D263AE382087}.Debug|Mixed Platforms.Build.0 = Debug|x86
		{DA7C6754-C370-45D3-8B6C-D263AE382087}.Debug|x64.ActiveCfg = Debug|x86
		{DA7C6754-C370-45D3-8B6C-D263AE382087}.Debug|x86.ActiveCfg = Debug|x86
		{DA7C6754-C370-45D3-8B6C-D263AE382087}.Debug|x86.Build.0 = Debug|x86
		{DA7C6754-C370-45D3-8B6C-D263AE382087}.Release|Any CPU.ActiveCfg = Release|x86
		{DA7C6754-C370-45D3-8B6C-D263AE382087}.Release|Mixed Platforms.ActiveCfg = Release|x86
		{DA7C6754-C370-45D3-8B6C-D263AE382087}.Release|Mixed Platforms.Build.0 = Release|x86
		{DA7C6754-C370-45D3-8B6C-D263AE382087}.Release|x64.ActiveCfg = Release|x86
		{DA7C6754-C370-45D3-8B6C-D263AE382087}.Release|x86.ActiveCfg = Release|x86
		{DA7C6754-C370-45D3-8B6C-D263AE382087}.Release|x86.Build.0 = Release|x86
		{9E6A9A4C-80D1-4A84-8A15-53743F9D8FA6}.Debug|Any CPU.ActiveCfg = Debug|Any CPU
		{9E6A9A4C-80D1-4A84-8A15-53743F9D8FA6}.Debug|Any CPU.Build.0 = Debug|Any CPU
		{9E6A9A4C-80D1-4A84-8A15-53743F9D8FA6}.Debug|Mixed Platforms.ActiveCfg = Debug|x86
		{9E6A9A4C-80D1-4A84-8A15-53743F9D8FA6}.Debug|Mixed Platforms.Build.0 = Debug|x86
		{9E6A9A4C-80D1-4A84-8A15-53743F9D8FA6}.Debug|x64.ActiveCfg = Debug|x86
		{9E6A9A4C-80D1-4A84-8A15-53743F9D8FA6}.Debug|x86.ActiveCfg = Debug|x86
		{9E6A9A4C-80D1-4A84-8A15-53743F9D8FA6}.Debug|x86.Build.0 = Debug|x86
		{9E6A9A4C-80D1-4A84-8A15-53743F9D8FA6}.Release|Any CPU.ActiveCfg = Release|x86
		{9E6A9A4C-80D1-4A84-8A15-53743F9D8FA6}.Release|Mixed Platforms.ActiveCfg = Release|x86
		{9E6A9A4C-80D1-4A84-8A15-53743F9D8FA6}.Release|Mixed Platforms.Build.0 = Release|x86
		{9E6A9A4C-80D1-4A84-8A15-53743F9D8FA6}.Release|x64.ActiveCfg = Release|x86
		{9E6A9A4C-80D1-4A84-8A15-53743F9D8FA6}.Release|x86.ActiveCfg = Release|x86
		{9E6A9A4C-80D1-4A84-8A15-53743F9D8FA6}.Release|x86.Build.0 = Release|x86
		{F1653FE5-DFE3-4A01-9E81-06F9DBB675B6}.Debug|Any CPU.ActiveCfg = Debug|Any CPU
		{F1653FE5-DFE3-4A01-9E81-06F9DBB675B6}.Debug|Any CPU.Build.0 = Debug|Any CPU
		{F1653FE5-DFE3-4A01-9E81-06F9DBB675B6}.Debug|Mixed Platforms.ActiveCfg = Debug|x86
		{F1653FE5-DFE3-4A01-9E81-06F9DBB675B6}.Debug|Mixed Platforms.Build.0 = Debug|x86
		{F1653FE5-DFE3-4A01-9E81-06F9DBB675B6}.Debug|x64.ActiveCfg = Debug|x86
		{F1653FE5-DFE3-4A01-9E81-06F9DBB675B6}.Debug|x86.ActiveCfg = Debug|x86
		{F1653FE5-DFE3-4A01-9E81-06F9DBB675B6}.Debug|x86.Build.0 = Debug|x86
		{F1653FE5-DFE3-4A01-9E81-06F9DBB675B6}.Release|Any CPU.ActiveCfg = Release|x86
		{F1653FE5-DFE3-4A01-9E81-06F9DBB675B6}.Release|Mixed Platforms.ActiveCfg = Release|x86
		{F1653FE5-DFE3-4A01-9E81-06F9DBB675B6}.Release|Mixed Platforms.Build.0 = Release|x86
		{F1653FE5-DFE3-4A01-9E81-06F9DBB675B6}.Release|x64.ActiveCfg = Release|x86
		{F1653FE5-DFE3-4A01-9E81-06F9DBB675B6}.Release|x86.ActiveCfg = Release|x86
		{F1653FE5-DFE3-4A01-9E81-06F9DBB675B6}.Release|x86.Build.0 = Release|x86
		{2BE85C11-3D53-4DAA-BEF5-E7968C9E47C0}.Debug|Any CPU.ActiveCfg = Debug|Any CPU
		{2BE85C11-3D53-4DAA-BEF5-E7968C9E47C0}.Debug|Any CPU.Build.0 = Debug|Any CPU
		{2BE85C11-3D53-4DAA-BEF5-E7968C9E47C0}.Debug|Mixed Platforms.ActiveCfg = Debug|x86
		{2BE85C11-3D53-4DAA-BEF5-E7968C9E47C0}.Debug|Mixed Platforms.Build.0 = Debug|x86
		{2BE85C11-3D53-4DAA-BEF5-E7968C9E47C0}.Debug|x64.ActiveCfg = Debug|x86
		{2BE85C11-3D53-4DAA-BEF5-E7968C9E47C0}.Debug|x86.ActiveCfg = Debug|x86
		{2BE85C11-3D53-4DAA-BEF5-E7968C9E47C0}.Debug|x86.Build.0 = Debug|x86
		{2BE85C11-3D53-4DAA-BEF5-E7968C9E47C0}.Release|Any CPU.ActiveCfg = Release|x86
		{2BE85C11-3D53-4DAA-BEF5-E7968C9E47C0}.Release|Mixed Platforms.ActiveCfg = Release|x86
		{2BE85C11-3D53-4DAA-BEF5-E7968C9E47C0}.Release|Mixed Platforms.Build.0 = Release|x86
		{2BE85C11-3D53-4DAA-BEF5-E7968C9E47C0}.Release|x64.ActiveCfg = Release|x86
		{2BE85C11-3D53-4DAA-BEF5-E7968C9E47C0}.Release|x86.ActiveCfg = Release|x86
		{2BE85C11-3D53-4DAA-BEF5-E7968C9E47C0}.Release|x86.Build.0 = Release|x86
		{8EB20CC0-39AD-4ACC-B294-468464F8EF41}.Debug|Any CPU.ActiveCfg = Debug|Any CPU
		{8EB20CC0-39AD-4ACC-B294-468464F8EF41}.Debug|Any CPU.Build.0 = Debug|Any CPU
		{8EB20CC0-39AD-4ACC-B294-468464F8EF41}.Debug|Mixed Platforms.ActiveCfg = Debug|x86
		{8EB20CC0-39AD-4ACC-B294-468464F8EF41}.Debug|Mixed Platforms.Build.0 = Debug|x86
		{8EB20CC0-39AD-4ACC-B294-468464F8EF41}.Debug|x64.ActiveCfg = Debug|x86
		{8EB20CC0-39AD-4ACC-B294-468464F8EF41}.Debug|x86.ActiveCfg = Debug|x86
		{8EB20CC0-39AD-4ACC-B294-468464F8EF41}.Debug|x86.Build.0 = Debug|x86
		{8EB20CC0-39AD-4ACC-B294-468464F8EF41}.Release|Any CPU.ActiveCfg = Release|x86
		{8EB20CC0-39AD-4ACC-B294-468464F8EF41}.Release|Mixed Platforms.ActiveCfg = Release|x86
		{8EB20CC0-39AD-4ACC-B294-468464F8EF41}.Release|Mixed Platforms.Build.0 = Release|x86
		{8EB20CC0-39AD-4ACC-B294-468464F8EF41}.Release|x64.ActiveCfg = Release|x86
		{8EB20CC0-39AD-4ACC-B294-468464F8EF41}.Release|x86.ActiveCfg = Release|x86
		{8EB20CC0-39AD-4ACC-B294-468464F8EF41}.Release|x86.Build.0 = Release|x86
		{BB6119EE-C87C-4A00-BB6E-EED533BADE06}.Debug|Any CPU.ActiveCfg = Debug|Any CPU
		{BB6119EE-C87C-4A00-BB6E-EED533BADE06}.Debug|Any CPU.Build.0 = Debug|Any CPU
		{BB6119EE-C87C-4A00-BB6E-EED533BADE06}.Debug|Mixed Platforms.ActiveCfg = Debug|x86
		{BB6119EE-C87C-4A00-BB6E-EED533BADE06}.Debug|Mixed Platforms.Build.0 = Debug|x86
		{BB6119EE-C87C-4A00-BB6E-EED533BADE06}.Debug|x64.ActiveCfg = Debug|x86
		{BB6119EE-C87C-4A00-BB6E-EED533BADE06}.Debug|x86.ActiveCfg = Debug|x86
		{BB6119EE-C87C-4A00-BB6E-EED533BADE06}.Debug|x86.Build.0 = Debug|x86
		{BB6119EE-C87C-4A00-BB6E-EED533BADE06}.Release|Any CPU.ActiveCfg = Release|x86
		{BB6119EE-C87C-4A00-BB6E-EED533BADE06}.Release|Mixed Platforms.ActiveCfg = Release|x86
		{BB6119EE-C87C-4A00-BB6E-EED533BADE06}.Release|Mixed Platforms.Build.0 = Release|x86
		{BB6119EE-C87C-4A00-BB6E-EED533BADE06}.Release|x64.ActiveCfg = Release|x86
		{BB6119EE-C87C-4A00-BB6E-EED533BADE06}.Release|x86.ActiveCfg = Release|x86
		{BB6119EE-C87C-4A00-BB6E-EED533BADE06}.Release|x86.Build.0 = Release|x86
		{46FE0B58-76DB-4290-B138-470D9D5C2F8F}.Debug|Any CPU.ActiveCfg = Debug|Any CPU
		{46FE0B58-76DB-4290-B138-470D9D5C2F8F}.Debug|Any CPU.Build.0 = Debug|Any CPU
		{46FE0B58-76DB-4290-B138-470D9D5C2F8F}.Debug|Mixed Platforms.ActiveCfg = Debug|x86
		{46FE0B58-76DB-4290-B138-470D9D5C2F8F}.Debug|Mixed Platforms.Build.0 = Debug|x86
		{46FE0B58-76DB-4290-B138-470D9D5C2F8F}.Debug|x64.ActiveCfg = Debug|x86
		{46FE0B58-76DB-4290-B138-470D9D5C2F8F}.Debug|x86.ActiveCfg = Debug|x86
		{46FE0B58-76DB-4290-B138-470D9D5C2F8F}.Debug|x86.Build.0 = Debug|x86
		{46FE0B58-76DB-4290-B138-470D9D5C2F8F}.Release|Any CPU.ActiveCfg = Release|x86
		{46FE0B58-76DB-4290-B138-470D9D5C2F8F}.Release|Mixed Platforms.ActiveCfg = Release|x86
		{46FE0B58-76DB-4290-B138-470D9D5C2F8F}.Release|Mixed Platforms.Build.0 = Release|x86
		{46FE0B58-76DB-4290-B138-470D9D5C2F8F}.Release|x64.ActiveCfg = Release|x86
		{46FE0B58-76DB-4290-B138-470D9D5C2F8F}.Release|x86.ActiveCfg = Release|x86
		{46FE0B58-76DB-4290-B138-470D9D5C2F8F}.Release|x86.Build.0 = Release|x86
		{DBCDA8EF-967A-4078-A959-B3DF5A8B476E}.Debug|Any CPU.ActiveCfg = Debug|Any CPU
		{DBCDA8EF-967A-4078-A959-B3DF5A8B476E}.Debug|Any CPU.Build.0 = Debug|Any CPU
		{DBCDA8EF-967A-4078-A959-B3DF5A8B476E}.Debug|Mixed Platforms.ActiveCfg = Debug|x86
		{DBCDA8EF-967A-4078-A959-B3DF5A8B476E}.Debug|Mixed Platforms.Build.0 = Debug|x86
		{DBCDA8EF-967A-4078-A959-B3DF5A8B476E}.Debug|x64.ActiveCfg = Debug|x86
		{DBCDA8EF-967A-4078-A959-B3DF5A8B476E}.Debug|x86.ActiveCfg = Debug|x86
		{DBCDA8EF-967A-4078-A959-B3DF5A8B476E}.Debug|x86.Build.0 = Debug|x86
		{DBCDA8EF-967A-4078-A959-B3DF5A8B476E}.Release|Any CPU.ActiveCfg = Release|x86
		{DBCDA8EF-967A-4078-A959-B3DF5A8B476E}.Release|Mixed Platforms.ActiveCfg = Release|x86
		{DBCDA8EF-967A-4078-A959-B3DF5A8B476E}.Release|Mixed Platforms.Build.0 = Release|x86
		{DBCDA8EF-967A-4078-A959-B3DF5A8B476E}.Release|x64.ActiveCfg = Release|x86
		{DBCDA8EF-967A-4078-A959-B3DF5A8B476E}.Release|x86.ActiveCfg = Release|x86
		{DBCDA8EF-967A-4078-A959-B3DF5A8B476E}.Release|x86.Build.0 = Release|x86
		{CE178222-147C-4EED-8331-28AB2B0FD042}.Debug|Any CPU.ActiveCfg = Debug|Any CPU
		{CE178222-147C-4EED-8331-28AB2B0FD042}.Debug|Any CPU.Build.0 = Debug|Any CPU
		{CE178222-147C-4EED-8331-28AB2B0FD042}.Debug|Mixed Platforms.ActiveCfg = Debug|x86
		{CE178222-147C-4EED-8331-28AB2B0FD042}.Debug|Mixed Platforms.Build.0 = Debug|x86
		{CE178222-147C-4EED-8331-28AB2B0FD042}.Debug|x64.ActiveCfg = Debug|x86
		{CE178222-147C-4EED-8331-28AB2B0FD042}.Debug|x86.ActiveCfg = Debug|x86
		{CE178222-147C-4EED-8331-28AB2B0FD042}.Debug|x86.Build.0 = Debug|x86
		{CE178222-147C-4EED-8331-28AB2B0FD042}.Release|Any CPU.ActiveCfg = Release|x86
		{CE178222-147C-4EED-8331-28AB2B0FD042}.Release|Mixed Platforms.ActiveCfg = Release|x86
		{CE178222-147C-4EED-8331-28AB2B0FD042}.Release|Mixed Platforms.Build.0 = Release|x86
		{CE178222-147C-4EED-8331-28AB2B0FD042}.Release|x64.ActiveCfg = Release|x86
		{CE178222-147C-4EED-8331-28AB2B0FD042}.Release|x86.ActiveCfg = Release|x86
		{CE178222-147C-4EED-8331-28AB2B0FD042}.Release|x86.Build.0 = Release|x86
		{632D74FE-BE23-4F2B-8877-C58EB3568ABC}.Debug|Any CPU.ActiveCfg = Debug|Any CPU
		{632D74FE-BE23-4F2B-8877-C58EB3568ABC}.Debug|Any CPU.Build.0 = Debug|Any CPU
		{632D74FE-BE23-4F2B-8877-C58EB3568ABC}.Debug|Mixed Platforms.ActiveCfg = Debug|x86
		{632D74FE-BE23-4F2B-8877-C58EB3568ABC}.Debug|Mixed Platforms.Build.0 = Debug|x86
		{632D74FE-BE23-4F2B-8877-C58EB3568ABC}.Debug|x64.ActiveCfg = Debug|x86
		{632D74FE-BE23-4F2B-8877-C58EB3568ABC}.Debug|x86.ActiveCfg = Debug|x86
		{632D74FE-BE23-4F2B-8877-C58EB3568ABC}.Debug|x86.Build.0 = Debug|x86
		{632D74FE-BE23-4F2B-8877-C58EB3568ABC}.Release|Any CPU.ActiveCfg = Release|x86
		{632D74FE-BE23-4F2B-8877-C58EB3568ABC}.Release|Mixed Platforms.ActiveCfg = Release|x86
		{632D74FE-BE23-4F2B-8877-C58EB3568ABC}.Release|Mixed Platforms.Build.0 = Release|x86
		{632D74FE-BE23-4F2B-8877-C58EB3568ABC}.Release|x64.ActiveCfg = Release|x86
		{632D74FE-BE23-4F2B-8877-C58EB3568ABC}.Release|x86.ActiveCfg = Release|x86
		{632D74FE-BE23-4F2B-8877-C58EB3568ABC}.Release|x86.Build.0 = Release|x86
		{C723DBA7-625B-4646-935B-7A6814C65B30}.Debug|Any CPU.ActiveCfg = Debug|Any CPU
		{C723DBA7-625B-4646-935B-7A6814C65B30}.Debug|Any CPU.Build.0 = Debug|Any CPU
		{C723DBA7-625B-4646-935B-7A6814C65B30}.Debug|Mixed Platforms.ActiveCfg = Debug|x86
		{C723DBA7-625B-4646-935B-7A6814C65B30}.Debug|Mixed Platforms.Build.0 = Debug|x86
		{C723DBA7-625B-4646-935B-7A6814C65B30}.Debug|x64.ActiveCfg = Debug|x86
		{C723DBA7-625B-4646-935B-7A6814C65B30}.Debug|x86.ActiveCfg = Debug|x86
		{C723DBA7-625B-4646-935B-7A6814C65B30}.Debug|x86.Build.0 = Debug|x86
		{C723DBA7-625B-4646-935B-7A6814C65B30}.Release|Any CPU.ActiveCfg = Release|x86
		{C723DBA7-625B-4646-935B-7A6814C65B30}.Release|Mixed Platforms.ActiveCfg = Release|x86
		{C723DBA7-625B-4646-935B-7A6814C65B30}.Release|Mixed Platforms.Build.0 = Release|x86
		{C723DBA7-625B-4646-935B-7A6814C65B30}.Release|x64.ActiveCfg = Release|x86
		{C723DBA7-625B-4646-935B-7A6814C65B30}.Release|x86.ActiveCfg = Release|x86
		{C723DBA7-625B-4646-935B-7A6814C65B30}.Release|x86.Build.0 = Release|x86
		{BB9E7027-C84C-4EBC-895F-43AA40CA0D69}.Debug|Any CPU.ActiveCfg = Debug|Any CPU
		{BB9E7027-C84C-4EBC-895F-43AA40CA0D69}.Debug|Any CPU.Build.0 = Debug|Any CPU
		{BB9E7027-C84C-4EBC-895F-43AA40CA0D69}.Debug|Mixed Platforms.ActiveCfg = Debug|x86
		{BB9E7027-C84C-4EBC-895F-43AA40CA0D69}.Debug|Mixed Platforms.Build.0 = Debug|x86
		{BB9E7027-C84C-4EBC-895F-43AA40CA0D69}.Debug|x64.ActiveCfg = Debug|x86
		{BB9E7027-C84C-4EBC-895F-43AA40CA0D69}.Debug|x86.ActiveCfg = Debug|x86
		{BB9E7027-C84C-4EBC-895F-43AA40CA0D69}.Debug|x86.Build.0 = Debug|x86
		{BB9E7027-C84C-4EBC-895F-43AA40CA0D69}.Release|Any CPU.ActiveCfg = Release|x86
		{BB9E7027-C84C-4EBC-895F-43AA40CA0D69}.Release|Mixed Platforms.ActiveCfg = Release|x86
		{BB9E7027-C84C-4EBC-895F-43AA40CA0D69}.Release|Mixed Platforms.Build.0 = Release|x86
		{BB9E7027-C84C-4EBC-895F-43AA40CA0D69}.Release|x64.ActiveCfg = Release|x86
		{BB9E7027-C84C-4EBC-895F-43AA40CA0D69}.Release|x86.ActiveCfg = Release|x86
		{BB9E7027-C84C-4EBC-895F-43AA40CA0D69}.Release|x86.Build.0 = Release|x86
		{8B290827-B7D0-4F5E-ACAA-11804A0B2536}.Debug|Any CPU.ActiveCfg = Debug|Any CPU
		{8B290827-B7D0-4F5E-ACAA-11804A0B2536}.Debug|Any CPU.Build.0 = Debug|Any CPU
		{8B290827-B7D0-4F5E-ACAA-11804A0B2536}.Debug|Mixed Platforms.ActiveCfg = Debug|x86
		{8B290827-B7D0-4F5E-ACAA-11804A0B2536}.Debug|Mixed Platforms.Build.0 = Debug|x86
		{8B290827-B7D0-4F5E-ACAA-11804A0B2536}.Debug|x64.ActiveCfg = Debug|x86
		{8B290827-B7D0-4F5E-ACAA-11804A0B2536}.Debug|x86.ActiveCfg = Debug|x86
		{8B290827-B7D0-4F5E-ACAA-11804A0B2536}.Debug|x86.Build.0 = Debug|x86
		{8B290827-B7D0-4F5E-ACAA-11804A0B2536}.Release|Any CPU.ActiveCfg = Release|x86
		{8B290827-B7D0-4F5E-ACAA-11804A0B2536}.Release|Mixed Platforms.ActiveCfg = Release|x86
		{8B290827-B7D0-4F5E-ACAA-11804A0B2536}.Release|Mixed Platforms.Build.0 = Release|x86
		{8B290827-B7D0-4F5E-ACAA-11804A0B2536}.Release|x64.ActiveCfg = Release|x86
		{8B290827-B7D0-4F5E-ACAA-11804A0B2536}.Release|x86.ActiveCfg = Release|x86
		{8B290827-B7D0-4F5E-ACAA-11804A0B2536}.Release|x86.Build.0 = Release|x86
		{C1ACE5B6-F337-424D-ACBC-BEA7ABF7B75A}.Debug|Any CPU.ActiveCfg = Debug|Any CPU
		{C1ACE5B6-F337-424D-ACBC-BEA7ABF7B75A}.Debug|Any CPU.Build.0 = Debug|Any CPU
		{C1ACE5B6-F337-424D-ACBC-BEA7ABF7B75A}.Debug|Mixed Platforms.ActiveCfg = Debug|x86
		{C1ACE5B6-F337-424D-ACBC-BEA7ABF7B75A}.Debug|Mixed Platforms.Build.0 = Debug|x86
		{C1ACE5B6-F337-424D-ACBC-BEA7ABF7B75A}.Debug|x64.ActiveCfg = Debug|x86
		{C1ACE5B6-F337-424D-ACBC-BEA7ABF7B75A}.Debug|x86.ActiveCfg = Debug|x86
		{C1ACE5B6-F337-424D-ACBC-BEA7ABF7B75A}.Debug|x86.Build.0 = Debug|x86
		{C1ACE5B6-F337-424D-ACBC-BEA7ABF7B75A}.Release|Any CPU.ActiveCfg = Release|x86
		{C1ACE5B6-F337-424D-ACBC-BEA7ABF7B75A}.Release|Mixed Platforms.ActiveCfg = Release|x86
		{C1ACE5B6-F337-424D-ACBC-BEA7ABF7B75A}.Release|Mixed Platforms.Build.0 = Release|x86
		{C1ACE5B6-F337-424D-ACBC-BEA7ABF7B75A}.Release|x64.ActiveCfg = Release|x86
		{C1ACE5B6-F337-424D-ACBC-BEA7ABF7B75A}.Release|x86.ActiveCfg = Release|x86
		{C1ACE5B6-F337-424D-ACBC-BEA7ABF7B75A}.Release|x86.Build.0 = Release|x86
		{ACF46980-F9AD-4ED0-9F21-6AEB882544BA}.Debug|Any CPU.ActiveCfg = Debug|Any CPU
		{ACF46980-F9AD-4ED0-9F21-6AEB882544BA}.Debug|Any CPU.Build.0 = Debug|Any CPU
		{ACF46980-F9AD-4ED0-9F21-6AEB882544BA}.Debug|Mixed Platforms.ActiveCfg = Debug|x86
		{ACF46980-F9AD-4ED0-9F21-6AEB882544BA}.Debug|Mixed Platforms.Build.0 = Debug|x86
		{ACF46980-F9AD-4ED0-9F21-6AEB882544BA}.Debug|x64.ActiveCfg = Debug|x86
		{ACF46980-F9AD-4ED0-9F21-6AEB882544BA}.Debug|x86.ActiveCfg = Debug|x86
		{ACF46980-F9AD-4ED0-9F21-6AEB882544BA}.Debug|x86.Build.0 = Debug|x86
		{ACF46980-F9AD-4ED0-9F21-6AEB882544BA}.Release|Any CPU.ActiveCfg = Release|x86
		{ACF46980-F9AD-4ED0-9F21-6AEB882544BA}.Release|Mixed Platforms.ActiveCfg = Release|x86
		{ACF46980-F9AD-4ED0-9F21-6AEB882544BA}.Release|Mixed Platforms.Build.0 = Release|x86
		{ACF46980-F9AD-4ED0-9F21-6AEB882544BA}.Release|x64.ActiveCfg = Release|x86
		{ACF46980-F9AD-4ED0-9F21-6AEB882544BA}.Release|x86.ActiveCfg = Release|x86
		{ACF46980-F9AD-4ED0-9F21-6AEB882544BA}.Release|x86.Build.0 = Release|x86
		{49D832CC-3E37-4EC1-904E-707D933BFD8C}.Debug|Any CPU.ActiveCfg = Debug|Any CPU
		{49D832CC-3E37-4EC1-904E-707D933BFD8C}.Debug|Any CPU.Build.0 = Debug|Any CPU
		{49D832CC-3E37-4EC1-904E-707D933BFD8C}.Debug|Mixed Platforms.ActiveCfg = Debug|x86
		{49D832CC-3E37-4EC1-904E-707D933BFD8C}.Debug|Mixed Platforms.Build.0 = Debug|x86
		{49D832CC-3E37-4EC1-904E-707D933BFD8C}.Debug|x64.ActiveCfg = Debug|x86
		{49D832CC-3E37-4EC1-904E-707D933BFD8C}.Debug|x86.ActiveCfg = Debug|x86
		{49D832CC-3E37-4EC1-904E-707D933BFD8C}.Debug|x86.Build.0 = Debug|x86
		{49D832CC-3E37-4EC1-904E-707D933BFD8C}.Release|Any CPU.ActiveCfg = Release|x86
		{49D832CC-3E37-4EC1-904E-707D933BFD8C}.Release|Mixed Platforms.ActiveCfg = Release|x86
		{49D832CC-3E37-4EC1-904E-707D933BFD8C}.Release|Mixed Platforms.Build.0 = Release|x86
		{49D832CC-3E37-4EC1-904E-707D933BFD8C}.Release|x64.ActiveCfg = Release|x86
		{49D832CC-3E37-4EC1-904E-707D933BFD8C}.Release|x86.ActiveCfg = Release|x86
		{49D832CC-3E37-4EC1-904E-707D933BFD8C}.Release|x86.Build.0 = Release|x86
		{784CB83D-5E0A-4637-B76E-3A9F7E391B3B}.Debug|Any CPU.ActiveCfg = Debug|Any CPU
		{784CB83D-5E0A-4637-B76E-3A9F7E391B3B}.Debug|Any CPU.Build.0 = Debug|Any CPU
		{784CB83D-5E0A-4637-B76E-3A9F7E391B3B}.Debug|Mixed Platforms.ActiveCfg = Debug|x86
		{784CB83D-5E0A-4637-B76E-3A9F7E391B3B}.Debug|Mixed Platforms.Build.0 = Debug|x86
		{784CB83D-5E0A-4637-B76E-3A9F7E391B3B}.Debug|x64.ActiveCfg = Debug|x86
		{784CB83D-5E0A-4637-B76E-3A9F7E391B3B}.Debug|x86.ActiveCfg = Debug|x86
		{784CB83D-5E0A-4637-B76E-3A9F7E391B3B}.Debug|x86.Build.0 = Debug|x86
		{784CB83D-5E0A-4637-B76E-3A9F7E391B3B}.Release|Any CPU.ActiveCfg = Release|x86
		{784CB83D-5E0A-4637-B76E-3A9F7E391B3B}.Release|Mixed Platforms.ActiveCfg = Release|x86
		{784CB83D-5E0A-4637-B76E-3A9F7E391B3B}.Release|Mixed Platforms.Build.0 = Release|x86
		{784CB83D-5E0A-4637-B76E-3A9F7E391B3B}.Release|x64.ActiveCfg = Release|x86
		{784CB83D-5E0A-4637-B76E-3A9F7E391B3B}.Release|x86.ActiveCfg = Release|x86
		{784CB83D-5E0A-4637-B76E-3A9F7E391B3B}.Release|x86.Build.0 = Release|x86
		{F5220C15-F162-404F-80BD-48F2C0FDF03B}.Debug|Any CPU.ActiveCfg = Debug|Any CPU
		{F5220C15-F162-404F-80BD-48F2C0FDF03B}.Debug|Any CPU.Build.0 = Debug|Any CPU
		{F5220C15-F162-404F-80BD-48F2C0FDF03B}.Debug|Mixed Platforms.ActiveCfg = Debug|x86
		{F5220C15-F162-404F-80BD-48F2C0FDF03B}.Debug|Mixed Platforms.Build.0 = Debug|x86
		{F5220C15-F162-404F-80BD-48F2C0FDF03B}.Debug|x64.ActiveCfg = Debug|x86
		{F5220C15-F162-404F-80BD-48F2C0FDF03B}.Debug|x86.ActiveCfg = Debug|x86
		{F5220C15-F162-404F-80BD-48F2C0FDF03B}.Debug|x86.Build.0 = Debug|x86
		{F5220C15-F162-404F-80BD-48F2C0FDF03B}.Release|Any CPU.ActiveCfg = Release|x86
		{F5220C15-F162-404F-80BD-48F2C0FDF03B}.Release|Mixed Platforms.ActiveCfg = Release|x86
		{F5220C15-F162-404F-80BD-48F2C0FDF03B}.Release|Mixed Platforms.Build.0 = Release|x86
		{F5220C15-F162-404F-80BD-48F2C0FDF03B}.Release|x64.ActiveCfg = Release|x86
		{F5220C15-F162-404F-80BD-48F2C0FDF03B}.Release|x86.ActiveCfg = Release|x86
		{F5220C15-F162-404F-80BD-48F2C0FDF03B}.Release|x86.Build.0 = Release|x86
		{926D1857-89C3-4B20-9ADB-FBEE9760FFA7}.Debug|Any CPU.ActiveCfg = Debug|Any CPU
		{926D1857-89C3-4B20-9ADB-FBEE9760FFA7}.Debug|Any CPU.Build.0 = Debug|Any CPU
		{926D1857-89C3-4B20-9ADB-FBEE9760FFA7}.Debug|Mixed Platforms.ActiveCfg = Debug|x86
		{926D1857-89C3-4B20-9ADB-FBEE9760FFA7}.Debug|Mixed Platforms.Build.0 = Debug|x86
		{926D1857-89C3-4B20-9ADB-FBEE9760FFA7}.Debug|x64.ActiveCfg = Debug|x86
		{926D1857-89C3-4B20-9ADB-FBEE9760FFA7}.Debug|x86.ActiveCfg = Debug|x86
		{926D1857-89C3-4B20-9ADB-FBEE9760FFA7}.Debug|x86.Build.0 = Debug|x86
		{926D1857-89C3-4B20-9ADB-FBEE9760FFA7}.Release|Any CPU.ActiveCfg = Release|x86
		{926D1857-89C3-4B20-9ADB-FBEE9760FFA7}.Release|Mixed Platforms.ActiveCfg = Release|x86
		{926D1857-89C3-4B20-9ADB-FBEE9760FFA7}.Release|Mixed Platforms.Build.0 = Release|x86
		{926D1857-89C3-4B20-9ADB-FBEE9760FFA7}.Release|x64.ActiveCfg = Release|x86
		{926D1857-89C3-4B20-9ADB-FBEE9760FFA7}.Release|x86.ActiveCfg = Release|x86
		{926D1857-89C3-4B20-9ADB-FBEE9760FFA7}.Release|x86.Build.0 = Release|x86
		{13A4A60F-14CA-4B4B-BF0E-3BF15F31A9AA}.Debug|Any CPU.ActiveCfg = Debug|Any CPU
		{13A4A60F-14CA-4B4B-BF0E-3BF15F31A9AA}.Debug|Any CPU.Build.0 = Debug|Any CPU
		{13A4A60F-14CA-4B4B-BF0E-3BF15F31A9AA}.Debug|Mixed Platforms.ActiveCfg = Debug|x86
		{13A4A60F-14CA-4B4B-BF0E-3BF15F31A9AA}.Debug|Mixed Platforms.Build.0 = Debug|x86
		{13A4A60F-14CA-4B4B-BF0E-3BF15F31A9AA}.Debug|x64.ActiveCfg = Debug|x86
		{13A4A60F-14CA-4B4B-BF0E-3BF15F31A9AA}.Debug|x86.ActiveCfg = Debug|x86
		{13A4A60F-14CA-4B4B-BF0E-3BF15F31A9AA}.Debug|x86.Build.0 = Debug|x86
		{13A4A60F-14CA-4B4B-BF0E-3BF15F31A9AA}.Release|Any CPU.ActiveCfg = Release|x86
		{13A4A60F-14CA-4B4B-BF0E-3BF15F31A9AA}.Release|Mixed Platforms.ActiveCfg = Release|x86
		{13A4A60F-14CA-4B4B-BF0E-3BF15F31A9AA}.Release|Mixed Platforms.Build.0 = Release|x86
		{13A4A60F-14CA-4B4B-BF0E-3BF15F31A9AA}.Release|x64.ActiveCfg = Release|x86
		{13A4A60F-14CA-4B4B-BF0E-3BF15F31A9AA}.Release|x86.ActiveCfg = Release|x86
		{13A4A60F-14CA-4B4B-BF0E-3BF15F31A9AA}.Release|x86.Build.0 = Release|x86
		{2FCE2F2A-9ED0-4FC8-8D9D-BD496DD0DE8D}.Debug|Any CPU.ActiveCfg = Debug|Any CPU
		{2FCE2F2A-9ED0-4FC8-8D9D-BD496DD0DE8D}.Debug|Any CPU.Build.0 = Debug|Any CPU
		{2FCE2F2A-9ED0-4FC8-8D9D-BD496DD0DE8D}.Debug|Mixed Platforms.ActiveCfg = Debug|x86
		{2FCE2F2A-9ED0-4FC8-8D9D-BD496DD0DE8D}.Debug|Mixed Platforms.Build.0 = Debug|x86
		{2FCE2F2A-9ED0-4FC8-8D9D-BD496DD0DE8D}.Debug|x64.ActiveCfg = Debug|x86
		{2FCE2F2A-9ED0-4FC8-8D9D-BD496DD0DE8D}.Debug|x86.ActiveCfg = Debug|x86
		{2FCE2F2A-9ED0-4FC8-8D9D-BD496DD0DE8D}.Debug|x86.Build.0 = Debug|x86
		{2FCE2F2A-9ED0-4FC8-8D9D-BD496DD0DE8D}.Release|Any CPU.ActiveCfg = Release|x86
		{2FCE2F2A-9ED0-4FC8-8D9D-BD496DD0DE8D}.Release|Mixed Platforms.ActiveCfg = Release|x86
		{2FCE2F2A-9ED0-4FC8-8D9D-BD496DD0DE8D}.Release|Mixed Platforms.Build.0 = Release|x86
		{2FCE2F2A-9ED0-4FC8-8D9D-BD496DD0DE8D}.Release|x64.ActiveCfg = Release|x86
		{2FCE2F2A-9ED0-4FC8-8D9D-BD496DD0DE8D}.Release|x86.ActiveCfg = Release|x86
		{2FCE2F2A-9ED0-4FC8-8D9D-BD496DD0DE8D}.Release|x86.Build.0 = Release|x86
		{EBECB9F4-27C0-4EA2-9818-548489719F92}.Debug|Any CPU.ActiveCfg = Debug|Any CPU
		{EBECB9F4-27C0-4EA2-9818-548489719F92}.Debug|Any CPU.Build.0 = Debug|Any CPU
		{EBECB9F4-27C0-4EA2-9818-548489719F92}.Debug|Mixed Platforms.ActiveCfg = Debug|x86
		{EBECB9F4-27C0-4EA2-9818-548489719F92}.Debug|Mixed Platforms.Build.0 = Debug|x86
		{EBECB9F4-27C0-4EA2-9818-548489719F92}.Debug|x64.ActiveCfg = Debug|x86
		{EBECB9F4-27C0-4EA2-9818-548489719F92}.Debug|x86.ActiveCfg = Debug|x86
		{EBECB9F4-27C0-4EA2-9818-548489719F92}.Debug|x86.Build.0 = Debug|x86
		{EBECB9F4-27C0-4EA2-9818-548489719F92}.Release|Any CPU.ActiveCfg = Release|x86
		{EBECB9F4-27C0-4EA2-9818-548489719F92}.Release|Mixed Platforms.ActiveCfg = Release|x86
		{EBECB9F4-27C0-4EA2-9818-548489719F92}.Release|Mixed Platforms.Build.0 = Release|x86
		{EBECB9F4-27C0-4EA2-9818-548489719F92}.Release|x64.ActiveCfg = Release|x86
		{EBECB9F4-27C0-4EA2-9818-548489719F92}.Release|x86.ActiveCfg = Release|x86
		{EBECB9F4-27C0-4EA2-9818-548489719F92}.Release|x86.Build.0 = Release|x86
		{8625E134-162A-43C3-BD2A-30F5F1769274}.Debug|Any CPU.ActiveCfg = Debug|Any CPU
		{8625E134-162A-43C3-BD2A-30F5F1769274}.Debug|Any CPU.Build.0 = Debug|Any CPU
		{8625E134-162A-43C3-BD2A-30F5F1769274}.Debug|Mixed Platforms.ActiveCfg = Debug|x86
		{8625E134-162A-43C3-BD2A-30F5F1769274}.Debug|Mixed Platforms.Build.0 = Debug|x86
		{8625E134-162A-43C3-BD2A-30F5F1769274}.Debug|x64.ActiveCfg = Debug|x86
		{8625E134-162A-43C3-BD2A-30F5F1769274}.Debug|x86.ActiveCfg = Debug|x86
		{8625E134-162A-43C3-BD2A-30F5F1769274}.Debug|x86.Build.0 = Debug|x86
		{8625E134-162A-43C3-BD2A-30F5F1769274}.Release|Any CPU.ActiveCfg = Release|x86
		{8625E134-162A-43C3-BD2A-30F5F1769274}.Release|Mixed Platforms.ActiveCfg = Release|x86
		{8625E134-162A-43C3-BD2A-30F5F1769274}.Release|Mixed Platforms.Build.0 = Release|x86
		{8625E134-162A-43C3-BD2A-30F5F1769274}.Release|x64.ActiveCfg = Release|x86
		{8625E134-162A-43C3-BD2A-30F5F1769274}.Release|x86.ActiveCfg = Release|x86
		{8625E134-162A-43C3-BD2A-30F5F1769274}.Release|x86.Build.0 = Release|x86
		{12E17782-81C4-4ADE-96FB-A7DC4CC772A7}.Debug|Any CPU.ActiveCfg = Debug|Any CPU
		{12E17782-81C4-4ADE-96FB-A7DC4CC772A7}.Debug|Any CPU.Build.0 = Debug|Any CPU
		{12E17782-81C4-4ADE-96FB-A7DC4CC772A7}.Debug|Mixed Platforms.ActiveCfg = Debug|x86
		{12E17782-81C4-4ADE-96FB-A7DC4CC772A7}.Debug|Mixed Platforms.Build.0 = Debug|x86
		{12E17782-81C4-4ADE-96FB-A7DC4CC772A7}.Debug|x64.ActiveCfg = Debug|x86
		{12E17782-81C4-4ADE-96FB-A7DC4CC772A7}.Debug|x86.ActiveCfg = Debug|x86
		{12E17782-81C4-4ADE-96FB-A7DC4CC772A7}.Debug|x86.Build.0 = Debug|x86
		{12E17782-81C4-4ADE-96FB-A7DC4CC772A7}.Release|Any CPU.ActiveCfg = Release|x86
		{12E17782-81C4-4ADE-96FB-A7DC4CC772A7}.Release|Mixed Platforms.ActiveCfg = Release|x86
		{12E17782-81C4-4ADE-96FB-A7DC4CC772A7}.Release|Mixed Platforms.Build.0 = Release|x86
		{12E17782-81C4-4ADE-96FB-A7DC4CC772A7}.Release|x64.ActiveCfg = Release|x86
		{12E17782-81C4-4ADE-96FB-A7DC4CC772A7}.Release|x86.ActiveCfg = Release|x86
		{12E17782-81C4-4ADE-96FB-A7DC4CC772A7}.Release|x86.Build.0 = Release|x86
		{716999C3-B377-49DD-80D3-336C0F78A5CA}.Debug|Any CPU.ActiveCfg = Debug|Any CPU
		{716999C3-B377-49DD-80D3-336C0F78A5CA}.Debug|Any CPU.Build.0 = Debug|Any CPU
		{716999C3-B377-49DD-80D3-336C0F78A5CA}.Debug|Mixed Platforms.ActiveCfg = Debug|x86
		{716999C3-B377-49DD-80D3-336C0F78A5CA}.Debug|Mixed Platforms.Build.0 = Debug|x86
		{716999C3-B377-49DD-80D3-336C0F78A5CA}.Debug|x64.ActiveCfg = Debug|x64
		{716999C3-B377-49DD-80D3-336C0F78A5CA}.Debug|x86.ActiveCfg = Debug|x86
		{716999C3-B377-49DD-80D3-336C0F78A5CA}.Debug|x86.Build.0 = Debug|x86
		{716999C3-B377-49DD-80D3-336C0F78A5CA}.Release|Any CPU.ActiveCfg = Release|x86
		{716999C3-B377-49DD-80D3-336C0F78A5CA}.Release|Mixed Platforms.ActiveCfg = Release|x86
		{716999C3-B377-49DD-80D3-336C0F78A5CA}.Release|Mixed Platforms.Build.0 = Release|x86
		{716999C3-B377-49DD-80D3-336C0F78A5CA}.Release|x64.ActiveCfg = Release|x64
		{716999C3-B377-49DD-80D3-336C0F78A5CA}.Release|x64.Build.0 = Release|x64
		{716999C3-B377-49DD-80D3-336C0F78A5CA}.Release|x86.ActiveCfg = Release|x86
		{716999C3-B377-49DD-80D3-336C0F78A5CA}.Release|x86.Build.0 = Release|x86
		{D7EBA1E3-11E3-4FDC-997F-E132042FC672}.Debug|Any CPU.ActiveCfg = Debug|Any CPU
		{D7EBA1E3-11E3-4FDC-997F-E132042FC672}.Debug|Any CPU.Build.0 = Debug|Any CPU
		{D7EBA1E3-11E3-4FDC-997F-E132042FC672}.Debug|Mixed Platforms.ActiveCfg = Debug|x86
		{D7EBA1E3-11E3-4FDC-997F-E132042FC672}.Debug|Mixed Platforms.Build.0 = Debug|x86
		{D7EBA1E3-11E3-4FDC-997F-E132042FC672}.Debug|x64.ActiveCfg = Debug|x86
		{D7EBA1E3-11E3-4FDC-997F-E132042FC672}.Debug|x86.ActiveCfg = Debug|x86
		{D7EBA1E3-11E3-4FDC-997F-E132042FC672}.Debug|x86.Build.0 = Debug|x86
		{D7EBA1E3-11E3-4FDC-997F-E132042FC672}.Release|Any CPU.ActiveCfg = Release|x86
		{D7EBA1E3-11E3-4FDC-997F-E132042FC672}.Release|Mixed Platforms.ActiveCfg = Release|x86
		{D7EBA1E3-11E3-4FDC-997F-E132042FC672}.Release|Mixed Platforms.Build.0 = Release|x86
		{D7EBA1E3-11E3-4FDC-997F-E132042FC672}.Release|x64.ActiveCfg = Release|x86
		{D7EBA1E3-11E3-4FDC-997F-E132042FC672}.Release|x86.ActiveCfg = Release|x86
		{D7EBA1E3-11E3-4FDC-997F-E132042FC672}.Release|x86.Build.0 = Release|x86
		{D13B91B8-2568-4C4E-AD7F-D9B6984C8657}.Debug|Any CPU.ActiveCfg = Debug|Any CPU
		{D13B91B8-2568-4C4E-AD7F-D9B6984C8657}.Debug|Any CPU.Build.0 = Debug|Any CPU
		{D13B91B8-2568-4C4E-AD7F-D9B6984C8657}.Debug|Mixed Platforms.ActiveCfg = Debug|x86
		{D13B91B8-2568-4C4E-AD7F-D9B6984C8657}.Debug|Mixed Platforms.Build.0 = Debug|x86
		{D13B91B8-2568-4C4E-AD7F-D9B6984C8657}.Debug|x64.ActiveCfg = Debug|x86
		{D13B91B8-2568-4C4E-AD7F-D9B6984C8657}.Debug|x86.ActiveCfg = Debug|x86
		{D13B91B8-2568-4C4E-AD7F-D9B6984C8657}.Debug|x86.Build.0 = Debug|x86
		{D13B91B8-2568-4C4E-AD7F-D9B6984C8657}.Release|Any CPU.ActiveCfg = Release|x86
		{D13B91B8-2568-4C4E-AD7F-D9B6984C8657}.Release|Mixed Platforms.ActiveCfg = Release|x86
		{D13B91B8-2568-4C4E-AD7F-D9B6984C8657}.Release|Mixed Platforms.Build.0 = Release|x86
		{D13B91B8-2568-4C4E-AD7F-D9B6984C8657}.Release|x64.ActiveCfg = Release|x86
		{D13B91B8-2568-4C4E-AD7F-D9B6984C8657}.Release|x86.ActiveCfg = Release|x86
		{D13B91B8-2568-4C4E-AD7F-D9B6984C8657}.Release|x86.Build.0 = Release|x86
		{8899AC62-107B-4C8B-98AD-4F349ADB6126}.Debug|Any CPU.ActiveCfg = Debug|Any CPU
		{8899AC62-107B-4C8B-98AD-4F349ADB6126}.Debug|Any CPU.Build.0 = Debug|Any CPU
		{8899AC62-107B-4C8B-98AD-4F349ADB6126}.Debug|Mixed Platforms.ActiveCfg = Debug|Any CPU
		{8899AC62-107B-4C8B-98AD-4F349ADB6126}.Debug|Mixed Platforms.Build.0 = Debug|Any CPU
		{8899AC62-107B-4C8B-98AD-4F349ADB6126}.Debug|x64.ActiveCfg = Debug|Any CPU
		{8899AC62-107B-4C8B-98AD-4F349ADB6126}.Debug|x86.ActiveCfg = Debug|Any CPU
		{8899AC62-107B-4C8B-98AD-4F349ADB6126}.Release|Any CPU.ActiveCfg = Release|Any CPU
		{8899AC62-107B-4C8B-98AD-4F349ADB6126}.Release|Any CPU.Build.0 = Release|Any CPU
		{8899AC62-107B-4C8B-98AD-4F349ADB6126}.Release|Mixed Platforms.ActiveCfg = Release|Any CPU
		{8899AC62-107B-4C8B-98AD-4F349ADB6126}.Release|Mixed Platforms.Build.0 = Release|Any CPU
		{8899AC62-107B-4C8B-98AD-4F349ADB6126}.Release|x64.ActiveCfg = Release|Any CPU
		{8899AC62-107B-4C8B-98AD-4F349ADB6126}.Release|x86.ActiveCfg = Release|Any CPU
		{6EEBCD8B-F540-4302-99A4-F65D83576B70}.Debug|Any CPU.ActiveCfg = Debug|Any CPU
		{6EEBCD8B-F540-4302-99A4-F65D83576B70}.Debug|Any CPU.Build.0 = Debug|Any CPU
		{6EEBCD8B-F540-4302-99A4-F65D83576B70}.Debug|Mixed Platforms.ActiveCfg = Debug|Any CPU
		{6EEBCD8B-F540-4302-99A4-F65D83576B70}.Debug|Mixed Platforms.Build.0 = Debug|Any CPU
		{6EEBCD8B-F540-4302-99A4-F65D83576B70}.Debug|x64.ActiveCfg = Debug|Any CPU
		{6EEBCD8B-F540-4302-99A4-F65D83576B70}.Debug|x86.ActiveCfg = Debug|Any CPU
		{6EEBCD8B-F540-4302-99A4-F65D83576B70}.Release|Any CPU.ActiveCfg = Release|Any CPU
		{6EEBCD8B-F540-4302-99A4-F65D83576B70}.Release|Any CPU.Build.0 = Release|Any CPU
		{6EEBCD8B-F540-4302-99A4-F65D83576B70}.Release|Mixed Platforms.ActiveCfg = Release|Any CPU
		{6EEBCD8B-F540-4302-99A4-F65D83576B70}.Release|Mixed Platforms.Build.0 = Release|Any CPU
		{6EEBCD8B-F540-4302-99A4-F65D83576B70}.Release|x64.ActiveCfg = Release|Any CPU
		{6EEBCD8B-F540-4302-99A4-F65D83576B70}.Release|x86.ActiveCfg = Release|Any CPU
		{DDABCC30-8753-4E0C-8027-F570E8CA439F}.Debug|Any CPU.ActiveCfg = Debug|Any CPU
		{DDABCC30-8753-4E0C-8027-F570E8CA439F}.Debug|Any CPU.Build.0 = Debug|Any CPU
		{DDABCC30-8753-4E0C-8027-F570E8CA439F}.Debug|Mixed Platforms.ActiveCfg = Debug|Any CPU
		{DDABCC30-8753-4E0C-8027-F570E8CA439F}.Debug|Mixed Platforms.Build.0 = Debug|Any CPU
		{DDABCC30-8753-4E0C-8027-F570E8CA439F}.Debug|x64.ActiveCfg = Debug|Any CPU
		{DDABCC30-8753-4E0C-8027-F570E8CA439F}.Debug|x86.ActiveCfg = Debug|Any CPU
		{DDABCC30-8753-4E0C-8027-F570E8CA439F}.Release|Any CPU.ActiveCfg = Release|Any CPU
		{DDABCC30-8753-4E0C-8027-F570E8CA439F}.Release|Any CPU.Build.0 = Release|Any CPU
		{DDABCC30-8753-4E0C-8027-F570E8CA439F}.Release|Mixed Platforms.ActiveCfg = Release|Any CPU
		{DDABCC30-8753-4E0C-8027-F570E8CA439F}.Release|Mixed Platforms.Build.0 = Release|Any CPU
		{DDABCC30-8753-4E0C-8027-F570E8CA439F}.Release|x64.ActiveCfg = Release|Any CPU
		{DDABCC30-8753-4E0C-8027-F570E8CA439F}.Release|x86.ActiveCfg = Release|Any CPU
		{8EC05A55-5936-430F-B856-3F5379157D68}.Debug|Any CPU.ActiveCfg = Debug|Any CPU
		{8EC05A55-5936-430F-B856-3F5379157D68}.Debug|Any CPU.Build.0 = Debug|Any CPU
		{8EC05A55-5936-430F-B856-3F5379157D68}.Debug|Mixed Platforms.ActiveCfg = Debug|Any CPU
		{8EC05A55-5936-430F-B856-3F5379157D68}.Debug|Mixed Platforms.Build.0 = Debug|Any CPU
		{8EC05A55-5936-430F-B856-3F5379157D68}.Debug|x64.ActiveCfg = Debug|Any CPU
		{8EC05A55-5936-430F-B856-3F5379157D68}.Debug|x86.ActiveCfg = Debug|Any CPU
		{8EC05A55-5936-430F-B856-3F5379157D68}.Release|Any CPU.ActiveCfg = Release|Any CPU
		{8EC05A55-5936-430F-B856-3F5379157D68}.Release|Any CPU.Build.0 = Release|Any CPU
		{8EC05A55-5936-430F-B856-3F5379157D68}.Release|Mixed Platforms.ActiveCfg = Release|Any CPU
		{8EC05A55-5936-430F-B856-3F5379157D68}.Release|Mixed Platforms.Build.0 = Release|Any CPU
		{8EC05A55-5936-430F-B856-3F5379157D68}.Release|x64.ActiveCfg = Release|Any CPU
		{8EC05A55-5936-430F-B856-3F5379157D68}.Release|x86.ActiveCfg = Release|Any CPU
		{2644C41B-EB7D-4859-BCFA-734C85614EE7}.Debug|Any CPU.ActiveCfg = Debug|Any CPU
		{2644C41B-EB7D-4859-BCFA-734C85614EE7}.Debug|Any CPU.Build.0 = Debug|Any CPU
		{2644C41B-EB7D-4859-BCFA-734C85614EE7}.Debug|Mixed Platforms.ActiveCfg = Debug|Any CPU
		{2644C41B-EB7D-4859-BCFA-734C85614EE7}.Debug|Mixed Platforms.Build.0 = Debug|Any CPU
		{2644C41B-EB7D-4859-BCFA-734C85614EE7}.Debug|x64.ActiveCfg = Debug|Any CPU
		{2644C41B-EB7D-4859-BCFA-734C85614EE7}.Debug|x86.ActiveCfg = Debug|Any CPU
		{2644C41B-EB7D-4859-BCFA-734C85614EE7}.Release|Any CPU.ActiveCfg = Release|Any CPU
		{2644C41B-EB7D-4859-BCFA-734C85614EE7}.Release|Any CPU.Build.0 = Release|Any CPU
		{2644C41B-EB7D-4859-BCFA-734C85614EE7}.Release|Mixed Platforms.ActiveCfg = Release|Any CPU
		{2644C41B-EB7D-4859-BCFA-734C85614EE7}.Release|Mixed Platforms.Build.0 = Release|Any CPU
		{2644C41B-EB7D-4859-BCFA-734C85614EE7}.Release|x64.ActiveCfg = Release|Any CPU
		{2644C41B-EB7D-4859-BCFA-734C85614EE7}.Release|x86.ActiveCfg = Release|Any CPU
	EndGlobalSection
	GlobalSection(SolutionProperties) = preSolution
		HideSolutionNode = FALSE
	EndGlobalSection
	GlobalSection(ExtensibilityGlobals) = postSolution
		VisualSVNWorkingCopyRoot = .
	EndGlobalSection
EndGlobal
